{
  "version": "4",
  "specifiers": {
    "jsr:@elf/combinatorics@^1.0.14": "1.0.14"
  },
  "jsr": {
    "@elf/combinatorics@1.0.14": {
      "integrity": "5539b5f9873596c6201de386079548af08697a3abc735d59f187ff8b902aa137"
    }
  },
  "workspace": {
    "dependencies": [
      "jsr:@kiritaniayaka/aoc-toolkit@~0.2.1"
    ]
  }
}
